
Microsoft Visual Studio Solution File, Format Version 12.00
# Visual Studio 15
VisualStudioVersion = 15.0.28010.2046
MinimumVisualStudioVersion = 10.0.40219.1
Project("{FAE04EC0-301F-11D3-BF4B-00C04F79EFBC}") = "19-Resources-Tipos", "19-Resources-Tipos\19-Resources-Tipos.csproj", "{214D1DF8-89F7-425D-A35B-64F45CCAB5F2}"
EndProject
Global
	GlobalSection(SolutionConfigurationPlatforms) = preSolution
		Debug|ARM = Debug|ARM
		Debug|x64 = Debug|x64
		Debug|x86 = Debug|x86
		Release|ARM = Release|ARM
		Release|x64 = Release|x64
		Release|x86 = Release|x86
	EndGlobalSection
	GlobalSection(ProjectConfigurationPlatforms) = postSolution
		{214D1DF8-89F7-425D-A35B-64F45CCAB5F2}.Debug|ARM.ActiveCfg = Debug|ARM
		{214D1DF8-89F7-425D-A35B-64F45CCAB5F2}.Debug|ARM.Build.0 = Debug|ARM
		{214D1DF8-89F7-425D-A35B-64F45CCAB5F2}.Debug|ARM.Deploy.0 = Debug|ARM
		{214D1DF8-89F7-425D-A35B-64F45CCAB5F2}.Debug|x64.ActiveCfg = Debug|x64
		{214D1DF8-89F7-425D-A35B-64F45CCAB5F2}.Debug|x64.Build.0 = Debug|x64
		{214D1DF8-89F7-425D-A35B-64F45CCAB5F2}.Debug|x64.Deploy.0 = Debug|x64
		{214D1DF8-89F7-425D-A35B-64F45CCAB5F2}.Debug|x86.ActiveCfg = Debug|x86
		{214D1DF8-89F7-425D-A35B-64F45CCAB5F2}.Debug|x86.Build.0 = Debug|x86
		{214D1DF8-89F7-425D-A35B-64F45CCAB5F2}.Debug|x86.Deploy.0 = Debug|x86
		{214D1DF8-89F7-425D-A35B-64F45CCAB5F2}.Release|ARM.ActiveCfg = Release|ARM
		{214D1DF8-89F7-425D-A35B-64F45CCAB5F2}.Release|ARM.Build.0 = Release|ARM
		{214D1DF8-89F7-425D-A35B-64F45CCAB5F2}.Release|ARM.Deploy.0 = Release|ARM
		{214D1DF8-89F7-425D-A35B-64F45CCAB5F2}.Release|x64.ActiveCfg = Release|x64
		{214D1DF8-89F7-425D-A35B-64F45CCAB5F2}.Release|x64.Build.0 = Release|x64
		{214D1DF8-89F7-425D-A35B-64F45CCAB5F2}.Release|x64.Deploy.0 = Release|x64
		{214D1DF8-89F7-425D-A35B-64F45CCAB5F2}.Release|x86.ActiveCfg = Release|x86
		{214D1DF8-89F7-425D-A35B-64F45CCAB5F2}.Release|x86.Build.0 = Release|x86
		{214D1DF8-89F7-425D-A35B-64F45CCAB5F2}.Release|x86.Deploy.0 = Release|x86
	EndGlobalSection
	GlobalSection(SolutionProperties) = preSolution
		HideSolutionNode = FALSE
	EndGlobalSection
	GlobalSection(ExtensibilityGlobals) = postSolution
		SolutionGuid = {AADEE478-182A-4931-8BDE-8B03F10D64C4}
	EndGlobalSection
EndGlobal
