
Microsoft Visual Studio Solution File, Format Version 12.00
# Visual Studio 15
VisualStudioVersion = 15.0.28010.2046
MinimumVisualStudioVersion = 10.0.40219.1
Project("{FAE04EC0-301F-11D3-BF4B-00C04F79EFBC}") = "12-Domotica", "12-Domotica\12-Domotica.csproj", "{4344CEB9-4F74-4D0C-9922-8D0632C81CD6}"
EndProject
Global
	GlobalSection(SolutionConfigurationPlatforms) = preSolution
		Debug|ARM = Debug|ARM
		Debug|x64 = Debug|x64
		Debug|x86 = Debug|x86
		Release|ARM = Release|ARM
		Release|x64 = Release|x64
		Release|x86 = Release|x86
	EndGlobalSection
	GlobalSection(ProjectConfigurationPlatforms) = postSolution
		{4344CEB9-4F74-4D0C-9922-8D0632C81CD6}.Debug|ARM.ActiveCfg = Debug|ARM
		{4344CEB9-4F74-4D0C-9922-8D0632C81CD6}.Debug|ARM.Build.0 = Debug|ARM
		{4344CEB9-4F74-4D0C-9922-8D0632C81CD6}.Debug|ARM.Deploy.0 = Debug|ARM
		{4344CEB9-4F74-4D0C-9922-8D0632C81CD6}.Debug|x64.ActiveCfg = Debug|x64
		{4344CEB9-4F74-4D0C-9922-8D0632C81CD6}.Debug|x64.Build.0 = Debug|x64
		{4344CEB9-4F74-4D0C-9922-8D0632C81CD6}.Debug|x64.Deploy.0 = Debug|x64
		{4344CEB9-4F74-4D0C-9922-8D0632C81CD6}.Debug|x86.ActiveCfg = Debug|x86
		{4344CEB9-4F74-4D0C-9922-8D0632C81CD6}.Debug|x86.Build.0 = Debug|x86
		{4344CEB9-4F74-4D0C-9922-8D0632C81CD6}.Debug|x86.Deploy.0 = Debug|x86
		{4344CEB9-4F74-4D0C-9922-8D0632C81CD6}.Release|ARM.ActiveCfg = Release|ARM
		{4344CEB9-4F74-4D0C-9922-8D0632C81CD6}.Release|ARM.Build.0 = Release|ARM
		{4344CEB9-4F74-4D0C-9922-8D0632C81CD6}.Release|ARM.Deploy.0 = Release|ARM
		{4344CEB9-4F74-4D0C-9922-8D0632C81CD6}.Release|x64.ActiveCfg = Release|x64
		{4344CEB9-4F74-4D0C-9922-8D0632C81CD6}.Release|x64.Build.0 = Release|x64
		{4344CEB9-4F74-4D0C-9922-8D0632C81CD6}.Release|x64.Deploy.0 = Release|x64
		{4344CEB9-4F74-4D0C-9922-8D0632C81CD6}.Release|x86.ActiveCfg = Release|x86
		{4344CEB9-4F74-4D0C-9922-8D0632C81CD6}.Release|x86.Build.0 = Release|x86
		{4344CEB9-4F74-4D0C-9922-8D0632C81CD6}.Release|x86.Deploy.0 = Release|x86
	EndGlobalSection
	GlobalSection(SolutionProperties) = preSolution
		HideSolutionNode = FALSE
	EndGlobalSection
	GlobalSection(ExtensibilityGlobals) = postSolution
		SolutionGuid = {36CE532A-E9A1-45FF-9424-FCC1CD9ABEE9}
	EndGlobalSection
EndGlobal
