
Microsoft Visual Studio Solution File, Format Version 12.00
# Visual Studio 15
VisualStudioVersion = 15.0.28010.2019
MinimumVisualStudioVersion = 10.0.40219.1
Project("{FAE04EC0-301F-11D3-BF4B-00C04F79EFBC}") = "02-HelloWorld-WPF", "02-HelloWorld-WPF\02-HelloWorld-WPF.csproj", "{ACE6A324-E038-4F21-9971-2004444DAB58}"
EndProject
Global
	GlobalSection(SolutionConfigurationPlatforms) = preSolution
		Debug|Any CPU = Debug|Any CPU
		Release|Any CPU = Release|Any CPU
	EndGlobalSection
	GlobalSection(ProjectConfigurationPlatforms) = postSolution
		{ACE6A324-E038-4F21-9971-2004444DAB58}.Debug|Any CPU.ActiveCfg = Debug|Any CPU
		{ACE6A324-E038-4F21-9971-2004444DAB58}.Debug|Any CPU.Build.0 = Debug|Any CPU
		{ACE6A324-E038-4F21-9971-2004444DAB58}.Release|Any CPU.ActiveCfg = Release|Any CPU
		{ACE6A324-E038-4F21-9971-2004444DAB58}.Release|Any CPU.Build.0 = Release|Any CPU
	EndGlobalSection
	GlobalSection(SolutionProperties) = preSolution
		HideSolutionNode = FALSE
	EndGlobalSection
	GlobalSection(ExtensibilityGlobals) = postSolution
		SolutionGuid = {225E257D-BC80-48F4-8DBB-FA19F8F151A0}
	EndGlobalSection
EndGlobal
