
Microsoft Visual Studio Solution File, Format Version 12.00
# Visual Studio 15
VisualStudioVersion = 15.0.28010.2046
MinimumVisualStudioVersion = 10.0.40219.1
Project("{FAE04EC0-301F-11D3-BF4B-00C04F79EFBC}") = "EjercicioPreExamen-UI-UWP", "EjercicioPreExamen-UI-UWP\EjercicioPreExamen-UI-UWP.csproj", "{7E2467F2-0832-4628-A367-084FED731EAA}"
EndProject
Global
	GlobalSection(SolutionConfigurationPlatforms) = preSolution
		Debug|ARM = Debug|ARM
		Debug|x64 = Debug|x64
		Debug|x86 = Debug|x86
		Release|ARM = Release|ARM
		Release|x64 = Release|x64
		Release|x86 = Release|x86
	EndGlobalSection
	GlobalSection(ProjectConfigurationPlatforms) = postSolution
		{7E2467F2-0832-4628-A367-084FED731EAA}.Debug|ARM.ActiveCfg = Debug|ARM
		{7E2467F2-0832-4628-A367-084FED731EAA}.Debug|ARM.Build.0 = Debug|ARM
		{7E2467F2-0832-4628-A367-084FED731EAA}.Debug|ARM.Deploy.0 = Debug|ARM
		{7E2467F2-0832-4628-A367-084FED731EAA}.Debug|x64.ActiveCfg = Debug|x64
		{7E2467F2-0832-4628-A367-084FED731EAA}.Debug|x64.Build.0 = Debug|x64
		{7E2467F2-0832-4628-A367-084FED731EAA}.Debug|x64.Deploy.0 = Debug|x64
		{7E2467F2-0832-4628-A367-084FED731EAA}.Debug|x86.ActiveCfg = Debug|x86
		{7E2467F2-0832-4628-A367-084FED731EAA}.Debug|x86.Build.0 = Debug|x86
		{7E2467F2-0832-4628-A367-084FED731EAA}.Debug|x86.Deploy.0 = Debug|x86
		{7E2467F2-0832-4628-A367-084FED731EAA}.Release|ARM.ActiveCfg = Release|ARM
		{7E2467F2-0832-4628-A367-084FED731EAA}.Release|ARM.Build.0 = Release|ARM
		{7E2467F2-0832-4628-A367-084FED731EAA}.Release|ARM.Deploy.0 = Release|ARM
		{7E2467F2-0832-4628-A367-084FED731EAA}.Release|x64.ActiveCfg = Release|x64
		{7E2467F2-0832-4628-A367-084FED731EAA}.Release|x64.Build.0 = Release|x64
		{7E2467F2-0832-4628-A367-084FED731EAA}.Release|x64.Deploy.0 = Release|x64
		{7E2467F2-0832-4628-A367-084FED731EAA}.Release|x86.ActiveCfg = Release|x86
		{7E2467F2-0832-4628-A367-084FED731EAA}.Release|x86.Build.0 = Release|x86
		{7E2467F2-0832-4628-A367-084FED731EAA}.Release|x86.Deploy.0 = Release|x86
	EndGlobalSection
	GlobalSection(SolutionProperties) = preSolution
		HideSolutionNode = FALSE
	EndGlobalSection
	GlobalSection(ExtensibilityGlobals) = postSolution
		SolutionGuid = {EBC4C40D-3957-47E0-897A-958B0CEEE370}
	EndGlobalSection
EndGlobal
